
Microsoft Visual Studio Solution File, Format Version 12.00
# Visual Studio 2017
Project("{FAE04EC0-301F-11D3-BF4B-00C04F79EFBC}") = "Water", "Water.csproj", "{72B2D81A-F61B-74EF-2BCA-DCF3640A9465}"
EndProject
Project("{FAE04EC0-301F-11D3-BF4B-00C04F79EFBC}") = "Water.Editor", "Water.Editor.csproj", "{5AEC4E85-DA0D-AE45-AFA1-FEE2ED0E923F}"
EndProject
Project("{FAE04EC0-301F-11D3-BF4B-00C04F79EFBC}") = "Water.Editor", "Water.Editor.csproj", "{5AEC4E85-DA0D-AE45-AFA1-FEE2ED0E923F}"
EndProject
Project("{FAE04EC0-301F-11D3-BF4B-00C04F79EFBC}") = "Water.Editor", "Water.Editor.csproj", "{5AEC4E85-DA0D-AE45-AFA1-FEE2ED0E923F}"
EndProject
Global
	GlobalSection(SolutionConfigurationPlatforms) = preSolution
		Debug|Any CPU = Debug|Any CPU
		Release|Any CPU = Release|Any CPU
	EndGlobalSection
	GlobalSection(ProjectConfigurationPlatforms) = postSolution
		{72B2D81A-F61B-74EF-2BCA-DCF3640A9465}.Debug|Any CPU.ActiveCfg = Debug|Any CPU
		{72B2D81A-F61B-74EF-2BCA-DCF3640A9465}.Debug|Any CPU.Build.0 = Debug|Any CPU
		{72B2D81A-F61B-74EF-2BCA-DCF3640A9465}.Release|Any CPU.ActiveCfg = Release|Any CPU
		{72B2D81A-F61B-74EF-2BCA-DCF3640A9465}.Release|Any CPU.Build.0 = Release|Any CPU
		{5AEC4E85-DA0D-AE45-AFA1-FEE2ED0E923F}.Debug|Any CPU.ActiveCfg = Debug|Any CPU
		{5AEC4E85-DA0D-AE45-AFA1-FEE2ED0E923F}.Debug|Any CPU.Build.0 = Debug|Any CPU
		{5AEC4E85-DA0D-AE45-AFA1-FEE2ED0E923F}.Release|Any CPU.ActiveCfg = Release|Any CPU
		{5AEC4E85-DA0D-AE45-AFA1-FEE2ED0E923F}.Release|Any CPU.Build.0 = Release|Any CPU
		{5AEC4E85-DA0D-AE45-AFA1-FEE2ED0E923F}.Debug|Any CPU.ActiveCfg = Debug|Any CPU
		{5AEC4E85-DA0D-AE45-AFA1-FEE2ED0E923F}.Debug|Any CPU.Build.0 = Debug|Any CPU
		{5AEC4E85-DA0D-AE45-AFA1-FEE2ED0E923F}.Release|Any CPU.ActiveCfg = Release|Any CPU
		{5AEC4E85-DA0D-AE45-AFA1-FEE2ED0E923F}.Release|Any CPU.Build.0 = Release|Any CPU
		{5AEC4E85-DA0D-AE45-AFA1-FEE2ED0E923F}.Debug|Any CPU.ActiveCfg = Debug|Any CPU
		{5AEC4E85-DA0D-AE45-AFA1-FEE2ED0E923F}.Debug|Any CPU.Build.0 = Debug|Any CPU
		{5AEC4E85-DA0D-AE45-AFA1-FEE2ED0E923F}.Release|Any CPU.ActiveCfg = Release|Any CPU
		{5AEC4E85-DA0D-AE45-AFA1-FEE2ED0E923F}.Release|Any CPU.Build.0 = Release|Any CPU
	EndGlobalSection
	GlobalSection(SolutionProperties) = preSolution
		HideSolutionNode = FALSE
	EndGlobalSection
EndGlobal
